
Microsoft Visual Studio Solution File, Format Version 12.00
# Visual Studio Version 18
VisualStudioVersion = 18.3.11520.95
MinimumVisualStudioVersion = 10.0.40219.1
Project("{2150E333-8FDC-42A3-9474-1A3956D46DE8}") = "src", "src", "{827E0CD3-B72D-47B6-A68D-7590B98EB39B}"
EndProject
Project("{FAE04EC0-301F-11D3-BF4B-00C04F79EFBC}") = "Subscrio.Core", "src\Subscrio.Core.csproj", "{B4A77080-1431-448F-8F45-CD02A1359D45}"
EndProject
Project("{2150E333-8FDC-42A3-9474-1A3956D46DE8}") = "tests", "tests", "{0AB3BF05-4346-4AA6-1389-037BE0695223}"
EndProject
Project("{FAE04EC0-301F-11D3-BF4B-00C04F79EFBC}") = "Subscrio.Core.Tests", "tests\Subscrio.Core.Tests.csproj", "{A1678FC7-BAE0-4B1D-857E-C161D7D977E9}"
EndProject
Project("{FAE04EC0-301F-11D3-BF4B-00C04F79EFBC}") = "Subscrio.Sample", "sample\Subscrio.Sample.csproj", "{26EEA539-98CC-81AD-6F1B-7AFB2ADE3558}"
EndProject
Global
	GlobalSection(SolutionConfigurationPlatforms) = preSolution
		Debug|Any CPU = Debug|Any CPU
		Debug|x64 = Debug|x64
		Debug|x86 = Debug|x86
		Release|Any CPU = Release|Any CPU
		Release|x64 = Release|x64
		Release|x86 = Release|x86
	EndGlobalSection
	GlobalSection(ProjectConfigurationPlatforms) = postSolution
		{B4A77080-1431-448F-8F45-CD02A1359D45}.Debug|Any CPU.ActiveCfg = Debug|Any CPU
		{B4A77080-1431-448F-8F45-CD02A1359D45}.Debug|Any CPU.Build.0 = Debug|Any CPU
		{B4A77080-1431-448F-8F45-CD02A1359D45}.Debug|x64.ActiveCfg = Debug|Any CPU
		{B4A77080-1431-448F-8F45-CD02A1359D45}.Debug|x64.Build.0 = Debug|Any CPU
		{B4A77080-1431-448F-8F45-CD02A1359D45}.Debug|x86.ActiveCfg = Debug|Any CPU
		{B4A77080-1431-448F-8F45-CD02A1359D45}.Debug|x86.Build.0 = Debug|Any CPU
		{B4A77080-1431-448F-8F45-CD02A1359D45}.Release|Any CPU.ActiveCfg = Release|Any CPU
		{B4A77080-1431-448F-8F45-CD02A1359D45}.Release|Any CPU.Build.0 = Release|Any CPU
		{B4A77080-1431-448F-8F45-CD02A1359D45}.Release|x64.ActiveCfg = Release|Any CPU
		{B4A77080-1431-448F-8F45-CD02A1359D45}.Release|x64.Build.0 = Release|Any CPU
		{B4A77080-1431-448F-8F45-CD02A1359D45}.Release|x86.ActiveCfg = Release|Any CPU
		{B4A77080-1431-448F-8F45-CD02A1359D45}.Release|x86.Build.0 = Release|Any CPU
		{A1678FC7-BAE0-4B1D-857E-C161D7D977E9}.Debug|Any CPU.ActiveCfg = Debug|Any CPU
		{A1678FC7-BAE0-4B1D-857E-C161D7D977E9}.Debug|Any CPU.Build.0 = Debug|Any CPU
		{A1678FC7-BAE0-4B1D-857E-C161D7D977E9}.Debug|x64.ActiveCfg = Debug|Any CPU
		{A1678FC7-BAE0-4B1D-857E-C161D7D977E9}.Debug|x64.Build.0 = Debug|Any CPU
		{A1678FC7-BAE0-4B1D-857E-C161D7D977E9}.Debug|x86.ActiveCfg = Debug|Any CPU
		{A1678FC7-BAE0-4B1D-857E-C161D7D977E9}.Debug|x86.Build.0 = Debug|Any CPU
		{A1678FC7-BAE0-4B1D-857E-C161D7D977E9}.Release|Any CPU.ActiveCfg = Release|Any CPU
		{A1678FC7-BAE0-4B1D-857E-C161D7D977E9}.Release|Any CPU.Build.0 = Release|Any CPU
		{A1678FC7-BAE0-4B1D-857E-C161D7D977E9}.Release|x64.ActiveCfg = Release|Any CPU
		{A1678FC7-BAE0-4B1D-857E-C161D7D977E9}.Release|x64.Build.0 = Release|Any CPU
		{A1678FC7-BAE0-4B1D-857E-C161D7D977E9}.Release|x86.ActiveCfg = Release|Any CPU
		{A1678FC7-BAE0-4B1D-857E-C161D7D977E9}.Release|x86.Build.0 = Release|Any CPU
		{26EEA539-98CC-81AD-6F1B-7AFB2ADE3558}.Debug|Any CPU.ActiveCfg = Debug|Any CPU
		{26EEA539-98CC-81AD-6F1B-7AFB2ADE3558}.Debug|Any CPU.Build.0 = Debug|Any CPU
		{26EEA539-98CC-81AD-6F1B-7AFB2ADE3558}.Debug|x64.ActiveCfg = Debug|Any CPU
		{26EEA539-98CC-81AD-6F1B-7AFB2ADE3558}.Debug|x64.Build.0 = Debug|Any CPU
		{26EEA539-98CC-81AD-6F1B-7AFB2ADE3558}.Debug|x86.ActiveCfg = Debug|Any CPU
		{26EEA539-98CC-81AD-6F1B-7AFB2ADE3558}.Debug|x86.Build.0 = Debug|Any CPU
		{26EEA539-98CC-81AD-6F1B-7AFB2ADE3558}.Release|Any CPU.ActiveCfg = Release|Any CPU
		{26EEA539-98CC-81AD-6F1B-7AFB2ADE3558}.Release|Any CPU.Build.0 = Release|Any CPU
		{26EEA539-98CC-81AD-6F1B-7AFB2ADE3558}.Release|x64.ActiveCfg = Release|Any CPU
		{26EEA539-98CC-81AD-6F1B-7AFB2ADE3558}.Release|x64.Build.0 = Release|Any CPU
		{26EEA539-98CC-81AD-6F1B-7AFB2ADE3558}.Release|x86.ActiveCfg = Release|Any CPU
		{26EEA539-98CC-81AD-6F1B-7AFB2ADE3558}.Release|x86.Build.0 = Release|Any CPU
	EndGlobalSection
	GlobalSection(SolutionProperties) = preSolution
		HideSolutionNode = FALSE
	EndGlobalSection
	GlobalSection(NestedProjects) = preSolution
		{B4A77080-1431-448F-8F45-CD02A1359D45} = {827E0CD3-B72D-47B6-A68D-7590B98EB39B}
		{A1678FC7-BAE0-4B1D-857E-C161D7D977E9} = {0AB3BF05-4346-4AA6-1389-037BE0695223}
		{26EEA539-98CC-81AD-6F1B-7AFB2ADE3558} = {0AB3BF05-4346-4AA6-1389-037BE0695223}
	EndGlobalSection
	GlobalSection(ExtensibilityGlobals) = postSolution
		SolutionGuid = {E2C94A4D-B673-4780-B4F5-9853F3F5B29C}
	EndGlobalSection
EndGlobal
